
Microsoft Visual Studio Solution File, Format Version 12.00
# Visual Studio Version 16
VisualStudioVersion = 16.0.29905.134
MinimumVisualStudioVersion = 10.0.40219.1
Project("{8BC9CEB8-8B4A-11D0-8D11-00A0C91BC942}") = "数码", "数码\数码.vcxproj", "{BD07C007-6A5D-474E-B8B1-1B5CE412C876}"
EndProject
Project("{8BC9CEB8-8B4A-11D0-8D11-00A0C91BC942}") = "数码2", "数码2\数码2.vcxproj", "{0AC151DD-58FC-4CE1-94BB-E3B5665436CB}"
EndProject
Project("{2150E333-8FDC-42A3-9474-1A3956D46DE8}") = "链表", "链表", "{C7C60108-A5A2-4810-A071-7180103BE34F}"
EndProject
Project("{8BC9CEB8-8B4A-11D0-8D11-00A0C91BC942}") = "归并排序", "归并排序\归并排序.vcxproj", "{E3778505-D5D1-4126-85D2-764BAA770DB9}"
EndProject
Project("{8BC9CEB8-8B4A-11D0-8D11-00A0C91BC942}") = "逗号运算符", "逗号运算符\逗号运算符.vcxproj", "{FAD115E7-50ED-44E0-9EFD-8FA595B33A38}"
EndProject
Project("{2150E333-8FDC-42A3-9474-1A3956D46DE8}") = "二叉树", "二叉树", "{DA7FB81F-5570-48AC-8AC7-7CD853B2F7AD}"
EndProject
Project("{8BC9CEB8-8B4A-11D0-8D11-00A0C91BC942}") = "堆", "堆\堆.vcxproj", "{EFFB4E6E-404C-4404-85BD-4C0B2AADE3D6}"
EndProject
Project("{8BC9CEB8-8B4A-11D0-8D11-00A0C91BC942}") = "遍历", "遍历\遍历.vcxproj", "{4453E545-8282-4CB2-AA9A-F1CEDD8ABB85}"
EndProject
Project("{8BC9CEB8-8B4A-11D0-8D11-00A0C91BC942}") = "深度优先搜索", "深度优先搜索\深度优先搜索.vcxproj", "{E81B2465-AA46-40C4-B1F3-56F194BF4FC6}"
EndProject
Project("{8BC9CEB8-8B4A-11D0-8D11-00A0C91BC942}") = "求最大公约数", "求最大公约数\求最大公约数.vcxproj", "{7AB18908-96FF-4917-B0E1-94A3770948C8}"
EndProject
Project("{2150E333-8FDC-42A3-9474-1A3956D46DE8}") = "牛客", "牛客", "{02F1AC75-E9DF-444D-891A-51AFB395183D}"
EndProject
Project("{2150E333-8FDC-42A3-9474-1A3956D46DE8}") = "练习赛61", "练习赛61", "{A3DA58F9-6901-4FC4-BDAC-D2A69651A232}"
EndProject
Project("{8BC9CEB8-8B4A-11D0-8D11-00A0C91BC942}") = "打怪", "打怪\打怪.vcxproj", "{AB50E63A-B48D-423E-93C6-D3190CDEE556}"
EndProject
Project("{8BC9CEB8-8B4A-11D0-8D11-00A0C91BC942}") = "吃水果", "吃水果\吃水果.vcxproj", "{E9835184-038B-49B2-AA4F-DE1989CFA78E}"
EndProject
Project("{8BC9CEB8-8B4A-11D0-8D11-00A0C91BC942}") = "四个选项", "四个选项\四个选项.vcxproj", "{CEE0C9B7-E6AB-4D6C-B156-2A914EC6AA7D}"
EndProject
Project("{2150E333-8FDC-42A3-9474-1A3956D46DE8}") = "动态规划", "动态规划", "{5441EE15-0A43-4468-A756-6147230DC438}"
EndProject
Project("{8BC9CEB8-8B4A-11D0-8D11-00A0C91BC942}") = "最大公共子序列", "最大公共子序列\最大公共子序列.vcxproj", "{1B31AB81-24CA-4FB7-A932-167F9528E59E}"
EndProject
Project("{8BC9CEB8-8B4A-11D0-8D11-00A0C91BC942}") = "广度优先搜索", "广度优先搜索\广度优先搜索.vcxproj", "{763927FB-89AC-4731-B0A7-62C4CEBB8570}"
EndProject
Project("{8BC9CEB8-8B4A-11D0-8D11-00A0C91BC942}") = "深搜-迷宫", "深搜-迷宫\深搜-迷宫.vcxproj", "{B8668D38-1EFC-40CF-A5A7-64556B00AE0D}"
EndProject
Global
	GlobalSection(SolutionConfigurationPlatforms) = preSolution
		Debug|x64 = Debug|x64
		Debug|x86 = Debug|x86
		Release|x64 = Release|x64
		Release|x86 = Release|x86
	EndGlobalSection
	GlobalSection(ProjectConfigurationPlatforms) = postSolution
		{BD07C007-6A5D-474E-B8B1-1B5CE412C876}.Debug|x64.ActiveCfg = Debug|x64
		{BD07C007-6A5D-474E-B8B1-1B5CE412C876}.Debug|x64.Build.0 = Debug|x64
		{BD07C007-6A5D-474E-B8B1-1B5CE412C876}.Debug|x86.ActiveCfg = Debug|Win32
		{BD07C007-6A5D-474E-B8B1-1B5CE412C876}.Debug|x86.Build.0 = Debug|Win32
		{BD07C007-6A5D-474E-B8B1-1B5CE412C876}.Release|x64.ActiveCfg = Release|x64
		{BD07C007-6A5D-474E-B8B1-1B5CE412C876}.Release|x64.Build.0 = Release|x64
		{BD07C007-6A5D-474E-B8B1-1B5CE412C876}.Release|x86.ActiveCfg = Release|Win32
		{BD07C007-6A5D-474E-B8B1-1B5CE412C876}.Release|x86.Build.0 = Release|Win32
		{0AC151DD-58FC-4CE1-94BB-E3B5665436CB}.Debug|x64.ActiveCfg = Debug|x64
		{0AC151DD-58FC-4CE1-94BB-E3B5665436CB}.Debug|x64.Build.0 = Debug|x64
		{0AC151DD-58FC-4CE1-94BB-E3B5665436CB}.Debug|x86.ActiveCfg = Debug|Win32
		{0AC151DD-58FC-4CE1-94BB-E3B5665436CB}.Debug|x86.Build.0 = Debug|Win32
		{0AC151DD-58FC-4CE1-94BB-E3B5665436CB}.Release|x64.ActiveCfg = Release|x64
		{0AC151DD-58FC-4CE1-94BB-E3B5665436CB}.Release|x64.Build.0 = Release|x64
		{0AC151DD-58FC-4CE1-94BB-E3B5665436CB}.Release|x86.ActiveCfg = Release|Win32
		{0AC151DD-58FC-4CE1-94BB-E3B5665436CB}.Release|x86.Build.0 = Release|Win32
		{E3778505-D5D1-4126-85D2-764BAA770DB9}.Debug|x64.ActiveCfg = Debug|x64
		{E3778505-D5D1-4126-85D2-764BAA770DB9}.Debug|x64.Build.0 = Debug|x64
		{E3778505-D5D1-4126-85D2-764BAA770DB9}.Debug|x86.ActiveCfg = Debug|Win32
		{E3778505-D5D1-4126-85D2-764BAA770DB9}.Debug|x86.Build.0 = Debug|Win32
		{E3778505-D5D1-4126-85D2-764BAA770DB9}.Release|x64.ActiveCfg = Release|x64
		{E3778505-D5D1-4126-85D2-764BAA770DB9}.Release|x64.Build.0 = Release|x64
		{E3778505-D5D1-4126-85D2-764BAA770DB9}.Release|x86.ActiveCfg = Release|Win32
		{E3778505-D5D1-4126-85D2-764BAA770DB9}.Release|x86.Build.0 = Release|Win32
		{FAD115E7-50ED-44E0-9EFD-8FA595B33A38}.Debug|x64.ActiveCfg = Debug|x64
		{FAD115E7-50ED-44E0-9EFD-8FA595B33A38}.Debug|x64.Build.0 = Debug|x64
		{FAD115E7-50ED-44E0-9EFD-8FA595B33A38}.Debug|x86.ActiveCfg = Debug|Win32
		{FAD115E7-50ED-44E0-9EFD-8FA595B33A38}.Debug|x86.Build.0 = Debug|Win32
		{FAD115E7-50ED-44E0-9EFD-8FA595B33A38}.Release|x64.ActiveCfg = Release|x64
		{FAD115E7-50ED-44E0-9EFD-8FA595B33A38}.Release|x64.Build.0 = Release|x64
		{FAD115E7-50ED-44E0-9EFD-8FA595B33A38}.Release|x86.ActiveCfg = Release|Win32
		{FAD115E7-50ED-44E0-9EFD-8FA595B33A38}.Release|x86.Build.0 = Release|Win32
		{EFFB4E6E-404C-4404-85BD-4C0B2AADE3D6}.Debug|x64.ActiveCfg = Debug|x64
		{EFFB4E6E-404C-4404-85BD-4C0B2AADE3D6}.Debug|x64.Build.0 = Debug|x64
		{EFFB4E6E-404C-4404-85BD-4C0B2AADE3D6}.Debug|x86.ActiveCfg = Debug|Win32
		{EFFB4E6E-404C-4404-85BD-4C0B2AADE3D6}.Debug|x86.Build.0 = Debug|Win32
		{EFFB4E6E-404C-4404-85BD-4C0B2AADE3D6}.Release|x64.ActiveCfg = Release|x64
		{EFFB4E6E-404C-4404-85BD-4C0B2AADE3D6}.Release|x64.Build.0 = Release|x64
		{EFFB4E6E-404C-4404-85BD-4C0B2AADE3D6}.Release|x86.ActiveCfg = Release|Win32
		{EFFB4E6E-404C-4404-85BD-4C0B2AADE3D6}.Release|x86.Build.0 = Release|Win32
		{4453E545-8282-4CB2-AA9A-F1CEDD8ABB85}.Debug|x64.ActiveCfg = Debug|x64
		{4453E545-8282-4CB2-AA9A-F1CEDD8ABB85}.Debug|x64.Build.0 = Debug|x64
		{4453E545-8282-4CB2-AA9A-F1CEDD8ABB85}.Debug|x86.ActiveCfg = Debug|Win32
		{4453E545-8282-4CB2-AA9A-F1CEDD8ABB85}.Debug|x86.Build.0 = Debug|Win32
		{4453E545-8282-4CB2-AA9A-F1CEDD8ABB85}.Release|x64.ActiveCfg = Release|x64
		{4453E545-8282-4CB2-AA9A-F1CEDD8ABB85}.Release|x64.Build.0 = Release|x64
		{4453E545-8282-4CB2-AA9A-F1CEDD8ABB85}.Release|x86.ActiveCfg = Release|Win32
		{4453E545-8282-4CB2-AA9A-F1CEDD8ABB85}.Release|x86.Build.0 = Release|Win32
		{E81B2465-AA46-40C4-B1F3-56F194BF4FC6}.Debug|x64.ActiveCfg = Debug|x64
		{E81B2465-AA46-40C4-B1F3-56F194BF4FC6}.Debug|x64.Build.0 = Debug|x64
		{E81B2465-AA46-40C4-B1F3-56F194BF4FC6}.Debug|x86.ActiveCfg = Debug|Win32
		{E81B2465-AA46-40C4-B1F3-56F194BF4FC6}.Debug|x86.Build.0 = Debug|Win32
		{E81B2465-AA46-40C4-B1F3-56F194BF4FC6}.Release|x64.ActiveCfg = Release|x64
		{E81B2465-AA46-40C4-B1F3-56F194BF4FC6}.Release|x64.Build.0 = Release|x64
		{E81B2465-AA46-40C4-B1F3-56F194BF4FC6}.Release|x86.ActiveCfg = Release|Win32
		{E81B2465-AA46-40C4-B1F3-56F194BF4FC6}.Release|x86.Build.0 = Release|Win32
		{7AB18908-96FF-4917-B0E1-94A3770948C8}.Debug|x64.ActiveCfg = Debug|x64
		{7AB18908-96FF-4917-B0E1-94A3770948C8}.Debug|x64.Build.0 = Debug|x64
		{7AB18908-96FF-4917-B0E1-94A3770948C8}.Debug|x86.ActiveCfg = Debug|Win32
		{7AB18908-96FF-4917-B0E1-94A3770948C8}.Debug|x86.Build.0 = Debug|Win32
		{7AB18908-96FF-4917-B0E1-94A3770948C8}.Release|x64.ActiveCfg = Release|x64
		{7AB18908-96FF-4917-B0E1-94A3770948C8}.Release|x64.Build.0 = Release|x64
		{7AB18908-96FF-4917-B0E1-94A3770948C8}.Release|x86.ActiveCfg = Release|Win32
		{7AB18908-96FF-4917-B0E1-94A3770948C8}.Release|x86.Build.0 = Release|Win32
		{AB50E63A-B48D-423E-93C6-D3190CDEE556}.Debug|x64.ActiveCfg = Debug|x64
		{AB50E63A-B48D-423E-93C6-D3190CDEE556}.Debug|x64.Build.0 = Debug|x64
		{AB50E63A-B48D-423E-93C6-D3190CDEE556}.Debug|x86.ActiveCfg = Debug|Win32
		{AB50E63A-B48D-423E-93C6-D3190CDEE556}.Debug|x86.Build.0 = Debug|Win32
		{AB50E63A-B48D-423E-93C6-D3190CDEE556}.Release|x64.ActiveCfg = Release|x64
		{AB50E63A-B48D-423E-93C6-D3190CDEE556}.Release|x64.Build.0 = Release|x64
		{AB50E63A-B48D-423E-93C6-D3190CDEE556}.Release|x86.ActiveCfg = Release|Win32
		{AB50E63A-B48D-423E-93C6-D3190CDEE556}.Release|x86.Build.0 = Release|Win32
		{E9835184-038B-49B2-AA4F-DE1989CFA78E}.Debug|x64.ActiveCfg = Debug|x64
		{E9835184-038B-49B2-AA4F-DE1989CFA78E}.Debug|x64.Build.0 = Debug|x64
		{E9835184-038B-49B2-AA4F-DE1989CFA78E}.Debug|x86.ActiveCfg = Debug|Win32
		{E9835184-038B-49B2-AA4F-DE1989CFA78E}.Debug|x86.Build.0 = Debug|Win32
		{E9835184-038B-49B2-AA4F-DE1989CFA78E}.Release|x64.ActiveCfg = Release|x64
		{E9835184-038B-49B2-AA4F-DE1989CFA78E}.Release|x64.Build.0 = Release|x64
		{E9835184-038B-49B2-AA4F-DE1989CFA78E}.Release|x86.ActiveCfg = Release|Win32
		{E9835184-038B-49B2-AA4F-DE1989CFA78E}.Release|x86.Build.0 = Release|Win32
		{CEE0C9B7-E6AB-4D6C-B156-2A914EC6AA7D}.Debug|x64.ActiveCfg = Debug|x64
		{CEE0C9B7-E6AB-4D6C-B156-2A914EC6AA7D}.Debug|x64.Build.0 = Debug|x64
		{CEE0C9B7-E6AB-4D6C-B156-2A914EC6AA7D}.Debug|x86.ActiveCfg = Debug|Win32
		{CEE0C9B7-E6AB-4D6C-B156-2A914EC6AA7D}.Debug|x86.Build.0 = Debug|Win32
		{CEE0C9B7-E6AB-4D6C-B156-2A914EC6AA7D}.Release|x64.ActiveCfg = Release|x64
		{CEE0C9B7-E6AB-4D6C-B156-2A914EC6AA7D}.Release|x64.Build.0 = Release|x64
		{CEE0C9B7-E6AB-4D6C-B156-2A914EC6AA7D}.Release|x86.ActiveCfg = Release|Win32
		{CEE0C9B7-E6AB-4D6C-B156-2A914EC6AA7D}.Release|x86.Build.0 = Release|Win32
		{1B31AB81-24CA-4FB7-A932-167F9528E59E}.Debug|x64.ActiveCfg = Debug|x64
		{1B31AB81-24CA-4FB7-A932-167F9528E59E}.Debug|x64.Build.0 = Debug|x64
		{1B31AB81-24CA-4FB7-A932-167F9528E59E}.Debug|x86.ActiveCfg = Debug|Win32
		{1B31AB81-24CA-4FB7-A932-167F9528E59E}.Debug|x86.Build.0 = Debug|Win32
		{1B31AB81-24CA-4FB7-A932-167F9528E59E}.Release|x64.ActiveCfg = Release|x64
		{1B31AB81-24CA-4FB7-A932-167F9528E59E}.Release|x64.Build.0 = Release|x64
		{1B31AB81-24CA-4FB7-A932-167F9528E59E}.Release|x86.ActiveCfg = Release|Win32
		{1B31AB81-24CA-4FB7-A932-167F9528E59E}.Release|x86.Build.0 = Release|Win32
		{763927FB-89AC-4731-B0A7-62C4CEBB8570}.Debug|x64.ActiveCfg = Debug|x64
		{763927FB-89AC-4731-B0A7-62C4CEBB8570}.Debug|x64.Build.0 = Debug|x64
		{763927FB-89AC-4731-B0A7-62C4CEBB8570}.Debug|x86.ActiveCfg = Debug|Win32
		{763927FB-89AC-4731-B0A7-62C4CEBB8570}.Debug|x86.Build.0 = Debug|Win32
		{763927FB-89AC-4731-B0A7-62C4CEBB8570}.Release|x64.ActiveCfg = Release|x64
		{763927FB-89AC-4731-B0A7-62C4CEBB8570}.Release|x64.Build.0 = Release|x64
		{763927FB-89AC-4731-B0A7-62C4CEBB8570}.Release|x86.ActiveCfg = Release|Win32
		{763927FB-89AC-4731-B0A7-62C4CEBB8570}.Release|x86.Build.0 = Release|Win32
		{B8668D38-1EFC-40CF-A5A7-64556B00AE0D}.Debug|x64.ActiveCfg = Debug|x64
		{B8668D38-1EFC-40CF-A5A7-64556B00AE0D}.Debug|x64.Build.0 = Debug|x64
		{B8668D38-1EFC-40CF-A5A7-64556B00AE0D}.Debug|x86.ActiveCfg = Debug|Win32
		{B8668D38-1EFC-40CF-A5A7-64556B00AE0D}.Debug|x86.Build.0 = Debug|Win32
		{B8668D38-1EFC-40CF-A5A7-64556B00AE0D}.Release|x64.ActiveCfg = Release|x64
		{B8668D38-1EFC-40CF-A5A7-64556B00AE0D}.Release|x64.Build.0 = Release|x64
		{B8668D38-1EFC-40CF-A5A7-64556B00AE0D}.Release|x86.ActiveCfg = Release|Win32
		{B8668D38-1EFC-40CF-A5A7-64556B00AE0D}.Release|x86.Build.0 = Release|Win32
	EndGlobalSection
	GlobalSection(SolutionProperties) = preSolution
		HideSolutionNode = FALSE
	EndGlobalSection
	GlobalSection(NestedProjects) = preSolution
		{E3778505-D5D1-4126-85D2-764BAA770DB9} = {C7C60108-A5A2-4810-A071-7180103BE34F}
		{EFFB4E6E-404C-4404-85BD-4C0B2AADE3D6} = {DA7FB81F-5570-48AC-8AC7-7CD853B2F7AD}
		{4453E545-8282-4CB2-AA9A-F1CEDD8ABB85} = {DA7FB81F-5570-48AC-8AC7-7CD853B2F7AD}
		{A3DA58F9-6901-4FC4-BDAC-D2A69651A232} = {02F1AC75-E9DF-444D-891A-51AFB395183D}
		{AB50E63A-B48D-423E-93C6-D3190CDEE556} = {A3DA58F9-6901-4FC4-BDAC-D2A69651A232}
		{E9835184-038B-49B2-AA4F-DE1989CFA78E} = {A3DA58F9-6901-4FC4-BDAC-D2A69651A232}
		{CEE0C9B7-E6AB-4D6C-B156-2A914EC6AA7D} = {A3DA58F9-6901-4FC4-BDAC-D2A69651A232}
		{1B31AB81-24CA-4FB7-A932-167F9528E59E} = {5441EE15-0A43-4468-A756-6147230DC438}
	EndGlobalSection
	GlobalSection(ExtensibilityGlobals) = postSolution
		SolutionGuid = {B7B3F481-7CE1-492C-B7EE-5B9FBB9EB2C3}
	EndGlobalSection
EndGlobal
