
Microsoft Visual Studio Solution File, Format Version 12.00
# Visual Studio Version 16
VisualStudioVersion = 16.0.29418.71
MinimumVisualStudioVersion = 10.0.40219.1
Project("{8BC9CEB8-8B4A-11D0-8D11-00A0C91BC942}") = "Hello", "Hello\Hello.vcxproj", "{A29DEEA8-90AE-4BF7-AC3F-477AE82F6A3D}"
EndProject
Project("{8BC9CEB8-8B4A-11D0-8D11-00A0C91BC942}") = "Fife", "Fife\Fife.vcxproj", "{7C78D42F-5A87-4335-ABD5-EA55A74F7001}"
EndProject
Project("{8BC9CEB8-8B4A-11D0-8D11-00A0C91BC942}") = "BinaryTree", "BinaryTree\BinaryTree.vcxproj", "{8575CA11-E875-4E07-8708-5793D850C94E}"
EndProject
Project("{8BC9CEB8-8B4A-11D0-8D11-00A0C91BC942}") = "异常", "异常\异常.vcxproj", "{20C2FB9A-7CE6-4440-B0A8-8FFE245643DC}"
EndProject
Project("{8BC9CEB8-8B4A-11D0-8D11-00A0C91BC942}") = "冒泡排序", "冒泡排序\冒泡排序.vcxproj", "{CA015B29-EDE2-45AC-958D-43A120CF10C6}"
EndProject
Project("{8BC9CEB8-8B4A-11D0-8D11-00A0C91BC942}") = "C++类模板", "C++类模板\C++类模板.vcxproj", "{E629933E-C9FB-494C-8F19-E2D75A12E4BB}"
EndProject
Project("{8BC9CEB8-8B4A-11D0-8D11-00A0C91BC942}") = "STL-Vector", "Vector\Vector.vcxproj", "{A81633DC-BE3D-409F-B3E4-7D4F99FDC354}"
EndProject
Project("{8BC9CEB8-8B4A-11D0-8D11-00A0C91BC942}") = "类大小", "类大小\类大小.vcxproj", "{DBAED21E-A992-4964-889F-87EA16FCB287}"
EndProject
Project("{8BC9CEB8-8B4A-11D0-8D11-00A0C91BC942}") = "输入输出流", "输入输出流\输入输出流.vcxproj", "{648C88AC-B691-4689-832B-E728CE50DE56}"
EndProject
Project("{8BC9CEB8-8B4A-11D0-8D11-00A0C91BC942}") = "文件操作", "文件操作\文件操作.vcxproj", "{B1D31BA3-B379-477B-818B-5C3850239112}"
EndProject
Project("{8BC9CEB8-8B4A-11D0-8D11-00A0C91BC942}") = "运算符重载", "运算符重载\运算符重载.vcxproj", "{17CAB6C0-E393-4003-B046-337E79EE27ED}"
EndProject
Project("{8BC9CEB8-8B4A-11D0-8D11-00A0C91BC942}") = "仓储管理系统", "仓储管理系统\仓储管理系统.vcxproj", "{C3023DC8-FBD1-4A3F-B604-4BFE67435A9F}"
EndProject
Project("{8BC9CEB8-8B4A-11D0-8D11-00A0C91BC942}") = "返回类本身", "返回类本身\返回类本身.vcxproj", "{F7677133-D171-417F-B80C-8C34E6C071DF}"
EndProject
Project("{8BC9CEB8-8B4A-11D0-8D11-00A0C91BC942}") = "自定义数组类", "自定义数组类\自定义数组类.vcxproj", "{681B23DD-27C4-49BA-8F2D-62208A8B74DF}"
EndProject
Project("{8BC9CEB8-8B4A-11D0-8D11-00A0C91BC942}") = "复数运算", "复数运算\复数运算.vcxproj", "{71930435-0B5D-4BE0-AB53-A907DE388741}"
EndProject
Project("{8BC9CEB8-8B4A-11D0-8D11-00A0C91BC942}") = "智能指针", "智能指针\智能指针.vcxproj", "{861B2076-15C7-42D5-8DC6-E4F350E0DAB6}"
EndProject
Project("{8BC9CEB8-8B4A-11D0-8D11-00A0C91BC942}") = "自定义String类", "自定义String类\自定义String类.vcxproj", "{815D02C4-F7E2-4693-B4C4-B9F95A0AC28C}"
EndProject
Project("{8BC9CEB8-8B4A-11D0-8D11-00A0C91BC942}") = "类的继承方式", "类的继承方式\类的继承方式.vcxproj", "{CBB136AE-C799-425D-AA05-EB199E530F84}"
EndProject
Project("{8BC9CEB8-8B4A-11D0-8D11-00A0C91BC942}") = "多继承与虚继承", "多继承与虚继承\多继承与虚继承.vcxproj", "{C4F23102-BDC8-40D5-8573-9FD1F446697A}"
EndProject
Project("{8BC9CEB8-8B4A-11D0-8D11-00A0C91BC942}") = "多态", "多态\多态.vcxproj", "{AB437B1F-068D-4C45-97CE-39E8CDD35144}"
EndProject
Project("{8BC9CEB8-8B4A-11D0-8D11-00A0C91BC942}") = "多态原理VPTR虚函数指针", "多态原理VPTR虚函数指针\多态原理VPTR虚函数指针.vcxproj", "{5AC4074F-EFF2-4170-ADC0-45477D576109}"
EndProject
Project("{8BC9CEB8-8B4A-11D0-8D11-00A0C91BC942}") = "纯虚函数和抽象类-图形", "纯虚函数和抽象类\纯虚函数和抽象类.vcxproj", "{1C8B96C5-15B1-4DD7-A844-ADE2831E1BBA}"
EndProject
Project("{8BC9CEB8-8B4A-11D0-8D11-00A0C91BC942}") = "纯虚函数与多继承", "纯虚函数与多继承\纯虚函数与多继承.vcxproj", "{8AF30A9B-A927-465F-8E66-D0638AABAEC3}"
EndProject
Project("{8BC9CEB8-8B4A-11D0-8D11-00A0C91BC942}") = "面向抽象类编程-动物园", "面向抽象类编程-动物园\面向抽象类编程-动物园.vcxproj", "{4802CE9F-8DDA-4884-A8DC-ACE0708489C6}"
EndProject
Project("{8BC9CEB8-8B4A-11D0-8D11-00A0C91BC942}") = "面向抽象类编程-组装电脑", "面向抽象类编程-组装电脑\面向抽象类编程-组装电脑.vcxproj", "{27A0C1E6-2E0D-4413-9645-A82661A7AAC7}"
EndProject
Project("{8BC9CEB8-8B4A-11D0-8D11-00A0C91BC942}") = "面向抽象类编程-企业员工信息管理", "面向抽象类编程-企业员工信息管理\面向抽象类编程-企业员工信息管理.vcxproj", "{62961D81-E71A-4C33-940A-D18D9CF18B2E}"
EndProject
Project("{8BC9CEB8-8B4A-11D0-8D11-00A0C91BC942}") = "数组指针", "数组指针\数组指针.vcxproj", "{92768C3D-DA3E-4E32-86B2-0175429A359A}"
EndProject
Project("{8BC9CEB8-8B4A-11D0-8D11-00A0C91BC942}") = "C++类型转换", "C++类型转换\C++类型转换.vcxproj", "{83C7B159-997C-48E7-B6EF-66F9F0A2B64E}"
EndProject
Project("{8BC9CEB8-8B4A-11D0-8D11-00A0C91BC942}") = "异常对象生命周期", "异常对象生命周期\异常对象生命周期.vcxproj", "{C2095336-E7D5-42E8-B80E-20C6F414BA58}"
EndProject
Project("{8BC9CEB8-8B4A-11D0-8D11-00A0C91BC942}") = "STL-String", "STL-String\STL-String.vcxproj", "{F0F230D7-2523-40D7-AB42-110E66C14CD9}"
EndProject
Project("{8BC9CEB8-8B4A-11D0-8D11-00A0C91BC942}") = "STL-Deque", "STL-Deque\STL-Deque.vcxproj", "{B06EAC62-6A8D-4193-B681-227F7AFB6AC1}"
EndProject
Project("{8BC9CEB8-8B4A-11D0-8D11-00A0C91BC942}") = "STL-Deque-评委打分案例", "STL-Deque-评委打分案例\STL-Deque-评委打分案例.vcxproj", "{3D995C56-BBB2-4527-80A7-ADFEDEFD1DB4}"
EndProject
Project("{8BC9CEB8-8B4A-11D0-8D11-00A0C91BC942}") = "STL-Stack", "STL-Stack\STL-Stack.vcxproj", "{AEA391F2-AB49-4B4F-911B-01BA86CAAF56}"
EndProject
Project("{8BC9CEB8-8B4A-11D0-8D11-00A0C91BC942}") = "STL-Queue", "STL-Queue\STL-Queue.vcxproj", "{4CADBA9B-B100-411A-91C9-5390D6ACC5E0}"
EndProject
Project("{8BC9CEB8-8B4A-11D0-8D11-00A0C91BC942}") = "STL-List", "STL-List\STL-List.vcxproj", "{86447C7A-D0BE-4256-A5DC-0A62C3B8FDB5}"
EndProject
Project("{8BC9CEB8-8B4A-11D0-8D11-00A0C91BC942}") = "STL-Set-Mulitset", "STL-Set-Mulitset\STL-Set-Mulitset.vcxproj", "{52017B46-5D3B-405B-BAF4-6FB506C7206F}"
EndProject
Project("{8BC9CEB8-8B4A-11D0-8D11-00A0C91BC942}") = "Pair队组", "Pair队组\Pair队组.vcxproj", "{BC49D34C-03B5-431F-883D-2D144801529D}"
EndProject
Global
	GlobalSection(SolutionConfigurationPlatforms) = preSolution
		Debug|x64 = Debug|x64
		Debug|x86 = Debug|x86
		Release|x64 = Release|x64
		Release|x86 = Release|x86
	EndGlobalSection
	GlobalSection(ProjectConfigurationPlatforms) = postSolution
		{A29DEEA8-90AE-4BF7-AC3F-477AE82F6A3D}.Debug|x64.ActiveCfg = Debug|x64
		{A29DEEA8-90AE-4BF7-AC3F-477AE82F6A3D}.Debug|x64.Build.0 = Debug|x64
		{A29DEEA8-90AE-4BF7-AC3F-477AE82F6A3D}.Debug|x86.ActiveCfg = Debug|Win32
		{A29DEEA8-90AE-4BF7-AC3F-477AE82F6A3D}.Debug|x86.Build.0 = Debug|Win32
		{A29DEEA8-90AE-4BF7-AC3F-477AE82F6A3D}.Release|x64.ActiveCfg = Release|x64
		{A29DEEA8-90AE-4BF7-AC3F-477AE82F6A3D}.Release|x64.Build.0 = Release|x64
		{A29DEEA8-90AE-4BF7-AC3F-477AE82F6A3D}.Release|x86.ActiveCfg = Release|Win32
		{A29DEEA8-90AE-4BF7-AC3F-477AE82F6A3D}.Release|x86.Build.0 = Release|Win32
		{7C78D42F-5A87-4335-ABD5-EA55A74F7001}.Debug|x64.ActiveCfg = Debug|x64
		{7C78D42F-5A87-4335-ABD5-EA55A74F7001}.Debug|x64.Build.0 = Debug|x64
		{7C78D42F-5A87-4335-ABD5-EA55A74F7001}.Debug|x86.ActiveCfg = Debug|Win32
		{7C78D42F-5A87-4335-ABD5-EA55A74F7001}.Debug|x86.Build.0 = Debug|Win32
		{7C78D42F-5A87-4335-ABD5-EA55A74F7001}.Release|x64.ActiveCfg = Release|x64
		{7C78D42F-5A87-4335-ABD5-EA55A74F7001}.Release|x64.Build.0 = Release|x64
		{7C78D42F-5A87-4335-ABD5-EA55A74F7001}.Release|x86.ActiveCfg = Release|Win32
		{7C78D42F-5A87-4335-ABD5-EA55A74F7001}.Release|x86.Build.0 = Release|Win32
		{8575CA11-E875-4E07-8708-5793D850C94E}.Debug|x64.ActiveCfg = Debug|x64
		{8575CA11-E875-4E07-8708-5793D850C94E}.Debug|x64.Build.0 = Debug|x64
		{8575CA11-E875-4E07-8708-5793D850C94E}.Debug|x86.ActiveCfg = Debug|Win32
		{8575CA11-E875-4E07-8708-5793D850C94E}.Debug|x86.Build.0 = Debug|Win32
		{8575CA11-E875-4E07-8708-5793D850C94E}.Release|x64.ActiveCfg = Release|x64
		{8575CA11-E875-4E07-8708-5793D850C94E}.Release|x64.Build.0 = Release|x64
		{8575CA11-E875-4E07-8708-5793D850C94E}.Release|x86.ActiveCfg = Release|Win32
		{8575CA11-E875-4E07-8708-5793D850C94E}.Release|x86.Build.0 = Release|Win32
		{20C2FB9A-7CE6-4440-B0A8-8FFE245643DC}.Debug|x64.ActiveCfg = Debug|x64
		{20C2FB9A-7CE6-4440-B0A8-8FFE245643DC}.Debug|x64.Build.0 = Debug|x64
		{20C2FB9A-7CE6-4440-B0A8-8FFE245643DC}.Debug|x86.ActiveCfg = Debug|Win32
		{20C2FB9A-7CE6-4440-B0A8-8FFE245643DC}.Debug|x86.Build.0 = Debug|Win32
		{20C2FB9A-7CE6-4440-B0A8-8FFE245643DC}.Release|x64.ActiveCfg = Release|x64
		{20C2FB9A-7CE6-4440-B0A8-8FFE245643DC}.Release|x64.Build.0 = Release|x64
		{20C2FB9A-7CE6-4440-B0A8-8FFE245643DC}.Release|x86.ActiveCfg = Release|Win32
		{20C2FB9A-7CE6-4440-B0A8-8FFE245643DC}.Release|x86.Build.0 = Release|Win32
		{CA015B29-EDE2-45AC-958D-43A120CF10C6}.Debug|x64.ActiveCfg = Debug|x64
		{CA015B29-EDE2-45AC-958D-43A120CF10C6}.Debug|x64.Build.0 = Debug|x64
		{CA015B29-EDE2-45AC-958D-43A120CF10C6}.Debug|x86.ActiveCfg = Debug|Win32
		{CA015B29-EDE2-45AC-958D-43A120CF10C6}.Debug|x86.Build.0 = Debug|Win32
		{CA015B29-EDE2-45AC-958D-43A120CF10C6}.Release|x64.ActiveCfg = Release|x64
		{CA015B29-EDE2-45AC-958D-43A120CF10C6}.Release|x64.Build.0 = Release|x64
		{CA015B29-EDE2-45AC-958D-43A120CF10C6}.Release|x86.ActiveCfg = Release|Win32
		{CA015B29-EDE2-45AC-958D-43A120CF10C6}.Release|x86.Build.0 = Release|Win32
		{E629933E-C9FB-494C-8F19-E2D75A12E4BB}.Debug|x64.ActiveCfg = Debug|x64
		{E629933E-C9FB-494C-8F19-E2D75A12E4BB}.Debug|x64.Build.0 = Debug|x64
		{E629933E-C9FB-494C-8F19-E2D75A12E4BB}.Debug|x86.ActiveCfg = Debug|Win32
		{E629933E-C9FB-494C-8F19-E2D75A12E4BB}.Debug|x86.Build.0 = Debug|Win32
		{E629933E-C9FB-494C-8F19-E2D75A12E4BB}.Release|x64.ActiveCfg = Release|x64
		{E629933E-C9FB-494C-8F19-E2D75A12E4BB}.Release|x64.Build.0 = Release|x64
		{E629933E-C9FB-494C-8F19-E2D75A12E4BB}.Release|x86.ActiveCfg = Release|Win32
		{E629933E-C9FB-494C-8F19-E2D75A12E4BB}.Release|x86.Build.0 = Release|Win32
		{A81633DC-BE3D-409F-B3E4-7D4F99FDC354}.Debug|x64.ActiveCfg = Debug|x64
		{A81633DC-BE3D-409F-B3E4-7D4F99FDC354}.Debug|x64.Build.0 = Debug|x64
		{A81633DC-BE3D-409F-B3E4-7D4F99FDC354}.Debug|x86.ActiveCfg = Debug|Win32
		{A81633DC-BE3D-409F-B3E4-7D4F99FDC354}.Debug|x86.Build.0 = Debug|Win32
		{A81633DC-BE3D-409F-B3E4-7D4F99FDC354}.Release|x64.ActiveCfg = Release|x64
		{A81633DC-BE3D-409F-B3E4-7D4F99FDC354}.Release|x64.Build.0 = Release|x64
		{A81633DC-BE3D-409F-B3E4-7D4F99FDC354}.Release|x86.ActiveCfg = Release|Win32
		{A81633DC-BE3D-409F-B3E4-7D4F99FDC354}.Release|x86.Build.0 = Release|Win32
		{DBAED21E-A992-4964-889F-87EA16FCB287}.Debug|x64.ActiveCfg = Debug|x64
		{DBAED21E-A992-4964-889F-87EA16FCB287}.Debug|x64.Build.0 = Debug|x64
		{DBAED21E-A992-4964-889F-87EA16FCB287}.Debug|x86.ActiveCfg = Debug|Win32
		{DBAED21E-A992-4964-889F-87EA16FCB287}.Debug|x86.Build.0 = Debug|Win32
		{DBAED21E-A992-4964-889F-87EA16FCB287}.Release|x64.ActiveCfg = Release|x64
		{DBAED21E-A992-4964-889F-87EA16FCB287}.Release|x64.Build.0 = Release|x64
		{DBAED21E-A992-4964-889F-87EA16FCB287}.Release|x86.ActiveCfg = Release|Win32
		{DBAED21E-A992-4964-889F-87EA16FCB287}.Release|x86.Build.0 = Release|Win32
		{648C88AC-B691-4689-832B-E728CE50DE56}.Debug|x64.ActiveCfg = Debug|x64
		{648C88AC-B691-4689-832B-E728CE50DE56}.Debug|x64.Build.0 = Debug|x64
		{648C88AC-B691-4689-832B-E728CE50DE56}.Debug|x86.ActiveCfg = Debug|Win32
		{648C88AC-B691-4689-832B-E728CE50DE56}.Debug|x86.Build.0 = Debug|Win32
		{648C88AC-B691-4689-832B-E728CE50DE56}.Release|x64.ActiveCfg = Release|x64
		{648C88AC-B691-4689-832B-E728CE50DE56}.Release|x64.Build.0 = Release|x64
		{648C88AC-B691-4689-832B-E728CE50DE56}.Release|x86.ActiveCfg = Release|Win32
		{648C88AC-B691-4689-832B-E728CE50DE56}.Release|x86.Build.0 = Release|Win32
		{B1D31BA3-B379-477B-818B-5C3850239112}.Debug|x64.ActiveCfg = Debug|x64
		{B1D31BA3-B379-477B-818B-5C3850239112}.Debug|x64.Build.0 = Debug|x64
		{B1D31BA3-B379-477B-818B-5C3850239112}.Debug|x86.ActiveCfg = Debug|Win32
		{B1D31BA3-B379-477B-818B-5C3850239112}.Debug|x86.Build.0 = Debug|Win32
		{B1D31BA3-B379-477B-818B-5C3850239112}.Release|x64.ActiveCfg = Release|x64
		{B1D31BA3-B379-477B-818B-5C3850239112}.Release|x64.Build.0 = Release|x64
		{B1D31BA3-B379-477B-818B-5C3850239112}.Release|x86.ActiveCfg = Release|Win32
		{B1D31BA3-B379-477B-818B-5C3850239112}.Release|x86.Build.0 = Release|Win32
		{17CAB6C0-E393-4003-B046-337E79EE27ED}.Debug|x64.ActiveCfg = Debug|x64
		{17CAB6C0-E393-4003-B046-337E79EE27ED}.Debug|x64.Build.0 = Debug|x64
		{17CAB6C0-E393-4003-B046-337E79EE27ED}.Debug|x86.ActiveCfg = Debug|Win32
		{17CAB6C0-E393-4003-B046-337E79EE27ED}.Debug|x86.Build.0 = Debug|Win32
		{17CAB6C0-E393-4003-B046-337E79EE27ED}.Release|x64.ActiveCfg = Release|x64
		{17CAB6C0-E393-4003-B046-337E79EE27ED}.Release|x64.Build.0 = Release|x64
		{17CAB6C0-E393-4003-B046-337E79EE27ED}.Release|x86.ActiveCfg = Release|Win32
		{17CAB6C0-E393-4003-B046-337E79EE27ED}.Release|x86.Build.0 = Release|Win32
		{C3023DC8-FBD1-4A3F-B604-4BFE67435A9F}.Debug|x64.ActiveCfg = Debug|x64
		{C3023DC8-FBD1-4A3F-B604-4BFE67435A9F}.Debug|x64.Build.0 = Debug|x64
		{C3023DC8-FBD1-4A3F-B604-4BFE67435A9F}.Debug|x86.ActiveCfg = Debug|Win32
		{C3023DC8-FBD1-4A3F-B604-4BFE67435A9F}.Debug|x86.Build.0 = Debug|Win32
		{C3023DC8-FBD1-4A3F-B604-4BFE67435A9F}.Release|x64.ActiveCfg = Release|x64
		{C3023DC8-FBD1-4A3F-B604-4BFE67435A9F}.Release|x64.Build.0 = Release|x64
		{C3023DC8-FBD1-4A3F-B604-4BFE67435A9F}.Release|x86.ActiveCfg = Release|Win32
		{C3023DC8-FBD1-4A3F-B604-4BFE67435A9F}.Release|x86.Build.0 = Release|Win32
		{F7677133-D171-417F-B80C-8C34E6C071DF}.Debug|x64.ActiveCfg = Debug|x64
		{F7677133-D171-417F-B80C-8C34E6C071DF}.Debug|x64.Build.0 = Debug|x64
		{F7677133-D171-417F-B80C-8C34E6C071DF}.Debug|x86.ActiveCfg = Debug|Win32
		{F7677133-D171-417F-B80C-8C34E6C071DF}.Debug|x86.Build.0 = Debug|Win32
		{F7677133-D171-417F-B80C-8C34E6C071DF}.Release|x64.ActiveCfg = Release|x64
		{F7677133-D171-417F-B80C-8C34E6C071DF}.Release|x64.Build.0 = Release|x64
		{F7677133-D171-417F-B80C-8C34E6C071DF}.Release|x86.ActiveCfg = Release|Win32
		{F7677133-D171-417F-B80C-8C34E6C071DF}.Release|x86.Build.0 = Release|Win32
		{681B23DD-27C4-49BA-8F2D-62208A8B74DF}.Debug|x64.ActiveCfg = Debug|x64
		{681B23DD-27C4-49BA-8F2D-62208A8B74DF}.Debug|x64.Build.0 = Debug|x64
		{681B23DD-27C4-49BA-8F2D-62208A8B74DF}.Debug|x86.ActiveCfg = Debug|Win32
		{681B23DD-27C4-49BA-8F2D-62208A8B74DF}.Debug|x86.Build.0 = Debug|Win32
		{681B23DD-27C4-49BA-8F2D-62208A8B74DF}.Release|x64.ActiveCfg = Release|x64
		{681B23DD-27C4-49BA-8F2D-62208A8B74DF}.Release|x64.Build.0 = Release|x64
		{681B23DD-27C4-49BA-8F2D-62208A8B74DF}.Release|x86.ActiveCfg = Release|Win32
		{681B23DD-27C4-49BA-8F2D-62208A8B74DF}.Release|x86.Build.0 = Release|Win32
		{71930435-0B5D-4BE0-AB53-A907DE388741}.Debug|x64.ActiveCfg = Debug|x64
		{71930435-0B5D-4BE0-AB53-A907DE388741}.Debug|x64.Build.0 = Debug|x64
		{71930435-0B5D-4BE0-AB53-A907DE388741}.Debug|x86.ActiveCfg = Debug|Win32
		{71930435-0B5D-4BE0-AB53-A907DE388741}.Debug|x86.Build.0 = Debug|Win32
		{71930435-0B5D-4BE0-AB53-A907DE388741}.Release|x64.ActiveCfg = Release|x64
		{71930435-0B5D-4BE0-AB53-A907DE388741}.Release|x64.Build.0 = Release|x64
		{71930435-0B5D-4BE0-AB53-A907DE388741}.Release|x86.ActiveCfg = Release|Win32
		{71930435-0B5D-4BE0-AB53-A907DE388741}.Release|x86.Build.0 = Release|Win32
		{861B2076-15C7-42D5-8DC6-E4F350E0DAB6}.Debug|x64.ActiveCfg = Debug|x64
		{861B2076-15C7-42D5-8DC6-E4F350E0DAB6}.Debug|x64.Build.0 = Debug|x64
		{861B2076-15C7-42D5-8DC6-E4F350E0DAB6}.Debug|x86.ActiveCfg = Debug|Win32
		{861B2076-15C7-42D5-8DC6-E4F350E0DAB6}.Debug|x86.Build.0 = Debug|Win32
		{861B2076-15C7-42D5-8DC6-E4F350E0DAB6}.Release|x64.ActiveCfg = Release|x64
		{861B2076-15C7-42D5-8DC6-E4F350E0DAB6}.Release|x64.Build.0 = Release|x64
		{861B2076-15C7-42D5-8DC6-E4F350E0DAB6}.Release|x86.ActiveCfg = Release|Win32
		{861B2076-15C7-42D5-8DC6-E4F350E0DAB6}.Release|x86.Build.0 = Release|Win32
		{815D02C4-F7E2-4693-B4C4-B9F95A0AC28C}.Debug|x64.ActiveCfg = Debug|x64
		{815D02C4-F7E2-4693-B4C4-B9F95A0AC28C}.Debug|x64.Build.0 = Debug|x64
		{815D02C4-F7E2-4693-B4C4-B9F95A0AC28C}.Debug|x86.ActiveCfg = Debug|Win32
		{815D02C4-F7E2-4693-B4C4-B9F95A0AC28C}.Debug|x86.Build.0 = Debug|Win32
		{815D02C4-F7E2-4693-B4C4-B9F95A0AC28C}.Release|x64.ActiveCfg = Release|x64
		{815D02C4-F7E2-4693-B4C4-B9F95A0AC28C}.Release|x64.Build.0 = Release|x64
		{815D02C4-F7E2-4693-B4C4-B9F95A0AC28C}.Release|x86.ActiveCfg = Release|Win32
		{815D02C4-F7E2-4693-B4C4-B9F95A0AC28C}.Release|x86.Build.0 = Release|Win32
		{CBB136AE-C799-425D-AA05-EB199E530F84}.Debug|x64.ActiveCfg = Debug|x64
		{CBB136AE-C799-425D-AA05-EB199E530F84}.Debug|x64.Build.0 = Debug|x64
		{CBB136AE-C799-425D-AA05-EB199E530F84}.Debug|x86.ActiveCfg = Debug|Win32
		{CBB136AE-C799-425D-AA05-EB199E530F84}.Debug|x86.Build.0 = Debug|Win32
		{CBB136AE-C799-425D-AA05-EB199E530F84}.Release|x64.ActiveCfg = Release|x64
		{CBB136AE-C799-425D-AA05-EB199E530F84}.Release|x64.Build.0 = Release|x64
		{CBB136AE-C799-425D-AA05-EB199E530F84}.Release|x86.ActiveCfg = Release|Win32
		{CBB136AE-C799-425D-AA05-EB199E530F84}.Release|x86.Build.0 = Release|Win32
		{C4F23102-BDC8-40D5-8573-9FD1F446697A}.Debug|x64.ActiveCfg = Debug|x64
		{C4F23102-BDC8-40D5-8573-9FD1F446697A}.Debug|x64.Build.0 = Debug|x64
		{C4F23102-BDC8-40D5-8573-9FD1F446697A}.Debug|x86.ActiveCfg = Debug|Win32
		{C4F23102-BDC8-40D5-8573-9FD1F446697A}.Debug|x86.Build.0 = Debug|Win32
		{C4F23102-BDC8-40D5-8573-9FD1F446697A}.Release|x64.ActiveCfg = Release|x64
		{C4F23102-BDC8-40D5-8573-9FD1F446697A}.Release|x64.Build.0 = Release|x64
		{C4F23102-BDC8-40D5-8573-9FD1F446697A}.Release|x86.ActiveCfg = Release|Win32
		{C4F23102-BDC8-40D5-8573-9FD1F446697A}.Release|x86.Build.0 = Release|Win32
		{AB437B1F-068D-4C45-97CE-39E8CDD35144}.Debug|x64.ActiveCfg = Debug|x64
		{AB437B1F-068D-4C45-97CE-39E8CDD35144}.Debug|x64.Build.0 = Debug|x64
		{AB437B1F-068D-4C45-97CE-39E8CDD35144}.Debug|x86.ActiveCfg = Debug|Win32
		{AB437B1F-068D-4C45-97CE-39E8CDD35144}.Debug|x86.Build.0 = Debug|Win32
		{AB437B1F-068D-4C45-97CE-39E8CDD35144}.Release|x64.ActiveCfg = Release|x64
		{AB437B1F-068D-4C45-97CE-39E8CDD35144}.Release|x64.Build.0 = Release|x64
		{AB437B1F-068D-4C45-97CE-39E8CDD35144}.Release|x86.ActiveCfg = Release|Win32
		{AB437B1F-068D-4C45-97CE-39E8CDD35144}.Release|x86.Build.0 = Release|Win32
		{5AC4074F-EFF2-4170-ADC0-45477D576109}.Debug|x64.ActiveCfg = Debug|x64
		{5AC4074F-EFF2-4170-ADC0-45477D576109}.Debug|x64.Build.0 = Debug|x64
		{5AC4074F-EFF2-4170-ADC0-45477D576109}.Debug|x86.ActiveCfg = Debug|Win32
		{5AC4074F-EFF2-4170-ADC0-45477D576109}.Debug|x86.Build.0 = Debug|Win32
		{5AC4074F-EFF2-4170-ADC0-45477D576109}.Release|x64.ActiveCfg = Release|x64
		{5AC4074F-EFF2-4170-ADC0-45477D576109}.Release|x64.Build.0 = Release|x64
		{5AC4074F-EFF2-4170-ADC0-45477D576109}.Release|x86.ActiveCfg = Release|Win32
		{5AC4074F-EFF2-4170-ADC0-45477D576109}.Release|x86.Build.0 = Release|Win32
		{1C8B96C5-15B1-4DD7-A844-ADE2831E1BBA}.Debug|x64.ActiveCfg = Debug|x64
		{1C8B96C5-15B1-4DD7-A844-ADE2831E1BBA}.Debug|x64.Build.0 = Debug|x64
		{1C8B96C5-15B1-4DD7-A844-ADE2831E1BBA}.Debug|x86.ActiveCfg = Debug|Win32
		{1C8B96C5-15B1-4DD7-A844-ADE2831E1BBA}.Debug|x86.Build.0 = Debug|Win32
		{1C8B96C5-15B1-4DD7-A844-ADE2831E1BBA}.Release|x64.ActiveCfg = Release|x64
		{1C8B96C5-15B1-4DD7-A844-ADE2831E1BBA}.Release|x64.Build.0 = Release|x64
		{1C8B96C5-15B1-4DD7-A844-ADE2831E1BBA}.Release|x86.ActiveCfg = Release|Win32
		{1C8B96C5-15B1-4DD7-A844-ADE2831E1BBA}.Release|x86.Build.0 = Release|Win32
		{8AF30A9B-A927-465F-8E66-D0638AABAEC3}.Debug|x64.ActiveCfg = Debug|x64
		{8AF30A9B-A927-465F-8E66-D0638AABAEC3}.Debug|x64.Build.0 = Debug|x64
		{8AF30A9B-A927-465F-8E66-D0638AABAEC3}.Debug|x86.ActiveCfg = Debug|Win32
		{8AF30A9B-A927-465F-8E66-D0638AABAEC3}.Debug|x86.Build.0 = Debug|Win32
		{8AF30A9B-A927-465F-8E66-D0638AABAEC3}.Release|x64.ActiveCfg = Release|x64
		{8AF30A9B-A927-465F-8E66-D0638AABAEC3}.Release|x64.Build.0 = Release|x64
		{8AF30A9B-A927-465F-8E66-D0638AABAEC3}.Release|x86.ActiveCfg = Release|Win32
		{8AF30A9B-A927-465F-8E66-D0638AABAEC3}.Release|x86.Build.0 = Release|Win32
		{4802CE9F-8DDA-4884-A8DC-ACE0708489C6}.Debug|x64.ActiveCfg = Debug|x64
		{4802CE9F-8DDA-4884-A8DC-ACE0708489C6}.Debug|x64.Build.0 = Debug|x64
		{4802CE9F-8DDA-4884-A8DC-ACE0708489C6}.Debug|x86.ActiveCfg = Debug|Win32
		{4802CE9F-8DDA-4884-A8DC-ACE0708489C6}.Debug|x86.Build.0 = Debug|Win32
		{4802CE9F-8DDA-4884-A8DC-ACE0708489C6}.Release|x64.ActiveCfg = Release|x64
		{4802CE9F-8DDA-4884-A8DC-ACE0708489C6}.Release|x64.Build.0 = Release|x64
		{4802CE9F-8DDA-4884-A8DC-ACE0708489C6}.Release|x86.ActiveCfg = Release|Win32
		{4802CE9F-8DDA-4884-A8DC-ACE0708489C6}.Release|x86.Build.0 = Release|Win32
		{27A0C1E6-2E0D-4413-9645-A82661A7AAC7}.Debug|x64.ActiveCfg = Debug|x64
		{27A0C1E6-2E0D-4413-9645-A82661A7AAC7}.Debug|x64.Build.0 = Debug|x64
		{27A0C1E6-2E0D-4413-9645-A82661A7AAC7}.Debug|x86.ActiveCfg = Debug|Win32
		{27A0C1E6-2E0D-4413-9645-A82661A7AAC7}.Debug|x86.Build.0 = Debug|Win32
		{27A0C1E6-2E0D-4413-9645-A82661A7AAC7}.Release|x64.ActiveCfg = Release|x64
		{27A0C1E6-2E0D-4413-9645-A82661A7AAC7}.Release|x64.Build.0 = Release|x64
		{27A0C1E6-2E0D-4413-9645-A82661A7AAC7}.Release|x86.ActiveCfg = Release|Win32
		{27A0C1E6-2E0D-4413-9645-A82661A7AAC7}.Release|x86.Build.0 = Release|Win32
		{62961D81-E71A-4C33-940A-D18D9CF18B2E}.Debug|x64.ActiveCfg = Debug|x64
		{62961D81-E71A-4C33-940A-D18D9CF18B2E}.Debug|x64.Build.0 = Debug|x64
		{62961D81-E71A-4C33-940A-D18D9CF18B2E}.Debug|x86.ActiveCfg = Debug|Win32
		{62961D81-E71A-4C33-940A-D18D9CF18B2E}.Debug|x86.Build.0 = Debug|Win32
		{62961D81-E71A-4C33-940A-D18D9CF18B2E}.Release|x64.ActiveCfg = Release|x64
		{62961D81-E71A-4C33-940A-D18D9CF18B2E}.Release|x64.Build.0 = Release|x64
		{62961D81-E71A-4C33-940A-D18D9CF18B2E}.Release|x86.ActiveCfg = Release|Win32
		{62961D81-E71A-4C33-940A-D18D9CF18B2E}.Release|x86.Build.0 = Release|Win32
		{92768C3D-DA3E-4E32-86B2-0175429A359A}.Debug|x64.ActiveCfg = Debug|x64
		{92768C3D-DA3E-4E32-86B2-0175429A359A}.Debug|x64.Build.0 = Debug|x64
		{92768C3D-DA3E-4E32-86B2-0175429A359A}.Debug|x86.ActiveCfg = Debug|Win32
		{92768C3D-DA3E-4E32-86B2-0175429A359A}.Debug|x86.Build.0 = Debug|Win32
		{92768C3D-DA3E-4E32-86B2-0175429A359A}.Release|x64.ActiveCfg = Release|x64
		{92768C3D-DA3E-4E32-86B2-0175429A359A}.Release|x64.Build.0 = Release|x64
		{92768C3D-DA3E-4E32-86B2-0175429A359A}.Release|x86.ActiveCfg = Release|Win32
		{92768C3D-DA3E-4E32-86B2-0175429A359A}.Release|x86.Build.0 = Release|Win32
		{83C7B159-997C-48E7-B6EF-66F9F0A2B64E}.Debug|x64.ActiveCfg = Debug|x64
		{83C7B159-997C-48E7-B6EF-66F9F0A2B64E}.Debug|x64.Build.0 = Debug|x64
		{83C7B159-997C-48E7-B6EF-66F9F0A2B64E}.Debug|x86.ActiveCfg = Debug|Win32
		{83C7B159-997C-48E7-B6EF-66F9F0A2B64E}.Debug|x86.Build.0 = Debug|Win32
		{83C7B159-997C-48E7-B6EF-66F9F0A2B64E}.Release|x64.ActiveCfg = Release|x64
		{83C7B159-997C-48E7-B6EF-66F9F0A2B64E}.Release|x64.Build.0 = Release|x64
		{83C7B159-997C-48E7-B6EF-66F9F0A2B64E}.Release|x86.ActiveCfg = Release|Win32
		{83C7B159-997C-48E7-B6EF-66F9F0A2B64E}.Release|x86.Build.0 = Release|Win32
		{C2095336-E7D5-42E8-B80E-20C6F414BA58}.Debug|x64.ActiveCfg = Debug|x64
		{C2095336-E7D5-42E8-B80E-20C6F414BA58}.Debug|x64.Build.0 = Debug|x64
		{C2095336-E7D5-42E8-B80E-20C6F414BA58}.Debug|x86.ActiveCfg = Debug|Win32
		{C2095336-E7D5-42E8-B80E-20C6F414BA58}.Debug|x86.Build.0 = Debug|Win32
		{C2095336-E7D5-42E8-B80E-20C6F414BA58}.Release|x64.ActiveCfg = Release|x64
		{C2095336-E7D5-42E8-B80E-20C6F414BA58}.Release|x64.Build.0 = Release|x64
		{C2095336-E7D5-42E8-B80E-20C6F414BA58}.Release|x86.ActiveCfg = Release|Win32
		{C2095336-E7D5-42E8-B80E-20C6F414BA58}.Release|x86.Build.0 = Release|Win32
		{F0F230D7-2523-40D7-AB42-110E66C14CD9}.Debug|x64.ActiveCfg = Debug|x64
		{F0F230D7-2523-40D7-AB42-110E66C14CD9}.Debug|x64.Build.0 = Debug|x64
		{F0F230D7-2523-40D7-AB42-110E66C14CD9}.Debug|x86.ActiveCfg = Debug|Win32
		{F0F230D7-2523-40D7-AB42-110E66C14CD9}.Debug|x86.Build.0 = Debug|Win32
		{F0F230D7-2523-40D7-AB42-110E66C14CD9}.Release|x64.ActiveCfg = Release|x64
		{F0F230D7-2523-40D7-AB42-110E66C14CD9}.Release|x64.Build.0 = Release|x64
		{F0F230D7-2523-40D7-AB42-110E66C14CD9}.Release|x86.ActiveCfg = Release|Win32
		{F0F230D7-2523-40D7-AB42-110E66C14CD9}.Release|x86.Build.0 = Release|Win32
		{B06EAC62-6A8D-4193-B681-227F7AFB6AC1}.Debug|x64.ActiveCfg = Debug|x64
		{B06EAC62-6A8D-4193-B681-227F7AFB6AC1}.Debug|x64.Build.0 = Debug|x64
		{B06EAC62-6A8D-4193-B681-227F7AFB6AC1}.Debug|x86.ActiveCfg = Debug|Win32
		{B06EAC62-6A8D-4193-B681-227F7AFB6AC1}.Debug|x86.Build.0 = Debug|Win32
		{B06EAC62-6A8D-4193-B681-227F7AFB6AC1}.Release|x64.ActiveCfg = Release|x64
		{B06EAC62-6A8D-4193-B681-227F7AFB6AC1}.Release|x64.Build.0 = Release|x64
		{B06EAC62-6A8D-4193-B681-227F7AFB6AC1}.Release|x86.ActiveCfg = Release|Win32
		{B06EAC62-6A8D-4193-B681-227F7AFB6AC1}.Release|x86.Build.0 = Release|Win32
		{3D995C56-BBB2-4527-80A7-ADFEDEFD1DB4}.Debug|x64.ActiveCfg = Debug|x64
		{3D995C56-BBB2-4527-80A7-ADFEDEFD1DB4}.Debug|x64.Build.0 = Debug|x64
		{3D995C56-BBB2-4527-80A7-ADFEDEFD1DB4}.Debug|x86.ActiveCfg = Debug|Win32
		{3D995C56-BBB2-4527-80A7-ADFEDEFD1DB4}.Debug|x86.Build.0 = Debug|Win32
		{3D995C56-BBB2-4527-80A7-ADFEDEFD1DB4}.Release|x64.ActiveCfg = Release|x64
		{3D995C56-BBB2-4527-80A7-ADFEDEFD1DB4}.Release|x64.Build.0 = Release|x64
		{3D995C56-BBB2-4527-80A7-ADFEDEFD1DB4}.Release|x86.ActiveCfg = Release|Win32
		{3D995C56-BBB2-4527-80A7-ADFEDEFD1DB4}.Release|x86.Build.0 = Release|Win32
		{AEA391F2-AB49-4B4F-911B-01BA86CAAF56}.Debug|x64.ActiveCfg = Debug|x64
		{AEA391F2-AB49-4B4F-911B-01BA86CAAF56}.Debug|x64.Build.0 = Debug|x64
		{AEA391F2-AB49-4B4F-911B-01BA86CAAF56}.Debug|x86.ActiveCfg = Debug|Win32
		{AEA391F2-AB49-4B4F-911B-01BA86CAAF56}.Debug|x86.Build.0 = Debug|Win32
		{AEA391F2-AB49-4B4F-911B-01BA86CAAF56}.Release|x64.ActiveCfg = Release|x64
		{AEA391F2-AB49-4B4F-911B-01BA86CAAF56}.Release|x64.Build.0 = Release|x64
		{AEA391F2-AB49-4B4F-911B-01BA86CAAF56}.Release|x86.ActiveCfg = Release|Win32
		{AEA391F2-AB49-4B4F-911B-01BA86CAAF56}.Release|x86.Build.0 = Release|Win32
		{4CADBA9B-B100-411A-91C9-5390D6ACC5E0}.Debug|x64.ActiveCfg = Debug|x64
		{4CADBA9B-B100-411A-91C9-5390D6ACC5E0}.Debug|x64.Build.0 = Debug|x64
		{4CADBA9B-B100-411A-91C9-5390D6ACC5E0}.Debug|x86.ActiveCfg = Debug|Win32
		{4CADBA9B-B100-411A-91C9-5390D6ACC5E0}.Debug|x86.Build.0 = Debug|Win32
		{4CADBA9B-B100-411A-91C9-5390D6ACC5E0}.Release|x64.ActiveCfg = Release|x64
		{4CADBA9B-B100-411A-91C9-5390D6ACC5E0}.Release|x64.Build.0 = Release|x64
		{4CADBA9B-B100-411A-91C9-5390D6ACC5E0}.Release|x86.ActiveCfg = Release|Win32
		{4CADBA9B-B100-411A-91C9-5390D6ACC5E0}.Release|x86.Build.0 = Release|Win32
		{86447C7A-D0BE-4256-A5DC-0A62C3B8FDB5}.Debug|x64.ActiveCfg = Debug|x64
		{86447C7A-D0BE-4256-A5DC-0A62C3B8FDB5}.Debug|x64.Build.0 = Debug|x64
		{86447C7A-D0BE-4256-A5DC-0A62C3B8FDB5}.Debug|x86.ActiveCfg = Debug|Win32
		{86447C7A-D0BE-4256-A5DC-0A62C3B8FDB5}.Debug|x86.Build.0 = Debug|Win32
		{86447C7A-D0BE-4256-A5DC-0A62C3B8FDB5}.Release|x64.ActiveCfg = Release|x64
		{86447C7A-D0BE-4256-A5DC-0A62C3B8FDB5}.Release|x64.Build.0 = Release|x64
		{86447C7A-D0BE-4256-A5DC-0A62C3B8FDB5}.Release|x86.ActiveCfg = Release|Win32
		{86447C7A-D0BE-4256-A5DC-0A62C3B8FDB5}.Release|x86.Build.0 = Release|Win32
		{52017B46-5D3B-405B-BAF4-6FB506C7206F}.Debug|x64.ActiveCfg = Debug|x64
		{52017B46-5D3B-405B-BAF4-6FB506C7206F}.Debug|x64.Build.0 = Debug|x64
		{52017B46-5D3B-405B-BAF4-6FB506C7206F}.Debug|x86.ActiveCfg = Debug|Win32
		{52017B46-5D3B-405B-BAF4-6FB506C7206F}.Debug|x86.Build.0 = Debug|Win32
		{52017B46-5D3B-405B-BAF4-6FB506C7206F}.Release|x64.ActiveCfg = Release|x64
		{52017B46-5D3B-405B-BAF4-6FB506C7206F}.Release|x64.Build.0 = Release|x64
		{52017B46-5D3B-405B-BAF4-6FB506C7206F}.Release|x86.ActiveCfg = Release|Win32
		{52017B46-5D3B-405B-BAF4-6FB506C7206F}.Release|x86.Build.0 = Release|Win32
		{BC49D34C-03B5-431F-883D-2D144801529D}.Debug|x64.ActiveCfg = Debug|x64
		{BC49D34C-03B5-431F-883D-2D144801529D}.Debug|x64.Build.0 = Debug|x64
		{BC49D34C-03B5-431F-883D-2D144801529D}.Debug|x86.ActiveCfg = Debug|Win32
		{BC49D34C-03B5-431F-883D-2D144801529D}.Debug|x86.Build.0 = Debug|Win32
		{BC49D34C-03B5-431F-883D-2D144801529D}.Release|x64.ActiveCfg = Release|x64
		{BC49D34C-03B5-431F-883D-2D144801529D}.Release|x64.Build.0 = Release|x64
		{BC49D34C-03B5-431F-883D-2D144801529D}.Release|x86.ActiveCfg = Release|Win32
		{BC49D34C-03B5-431F-883D-2D144801529D}.Release|x86.Build.0 = Release|Win32
	EndGlobalSection
	GlobalSection(SolutionProperties) = preSolution
		HideSolutionNode = FALSE
	EndGlobalSection
	GlobalSection(ExtensibilityGlobals) = postSolution
		SolutionGuid = {497BF047-DB4C-47B7-926A-CDB37E3541B5}
	EndGlobalSection
EndGlobal
